Microsoft Visual Studio Solution File, Format Version 12.00
# Visual Studio Version 17
VisualStudioVersion = 17.0.31903.59
MinimumVisualStudioVersion = 10.0.40219.1
Project("{BC8A1FFA-BEE3-4634-8014-F334798102B3}") = "OpenCodexMicroUde", "driver\OpenCodexMicroUde.vcxproj", "{A851AF56-1144-4469-8595-7B25DD24D624}"
EndProject
Global
	GlobalSection(SolutionConfigurationPlatforms) = preSolution
		Debug|x64 = Debug|x64
		Release|x64 = Release|x64
	EndGlobalSection
	GlobalSection(ProjectConfigurationPlatforms) = postSolution
		{A851AF56-1144-4469-8595-7B25DD24D624}.Debug|x64.ActiveCfg = Debug|x64
		{A851AF56-1144-4469-8595-7B25DD24D624}.Debug|x64.Build.0 = Debug|x64
		{A851AF56-1144-4469-8595-7B25DD24D624}.Release|x64.ActiveCfg = Release|x64
		{A851AF56-1144-4469-8595-7B25DD24D624}.Release|x64.Build.0 = Release|x64
	EndGlobalSection
EndGlobal
